{
  "name": "lab-06-levimaciellufpb",
  "lockfileVersion": 3,
  "requires": true,
  "packages": {
    "": {
      "dependencies": {
        "simple-mask-money": "^4.1.4"
      }
    },
    "node_modules/simple-mask-money": {
      "version": "4.1.4",
      "resolved": "https://registry.npmjs.org/simple-mask-money/-/simple-mask-money-4.1.4.tgz",
      "integrity": "sha512-E5324TPeDhx3WMoSaLSN4ztPR1IaZweN3XGSyVbXp0su32u0GIdUZW6659lgP1v1B7R6tYfEqLJFaakuZBmAvQ==",
      "hasInstallScript": true,
      "license": "Apache-2.0"
    }
  }
}
